Microsoft Visual Studio Solution File, Format Version 12.00
# Visual Studio Version 16
VisualStudioVersion = 16.0.29123.89
MinimumVisualStudioVersion = 10.0.40219.1
Project("{2150E333-8FDC-42A3-9474-1A3956D46DE8}") = "Solution Items", "Solution Items", "{6D9DE7D7-68D9-442A-9C3F-42CC655E0C8A}"
	ProjectSection(SolutionItems) = preProject
		global.json = global.json
		rules.ruleset = rules.ruleset
	EndProjectSection
EndProject
Project("{9A19103F-16F7-4668-BE54-9A1E7A4F7556}") = "Theraot.ECS", "Theraot.ECS\Theraot.ECS.csproj", "{C0F3154D-E98D-45ED-A3A9-0D2EB515B41B}"
EndProject
Project("{9A19103F-16F7-4668-BE54-9A1E7A4F7556}") = "Tests", "Tests\Tests.csproj", "{C5FCE497-97CC-48B0-B5DB-042BE82AAF07}"
EndProject
Global
	GlobalSection(SolutionConfigurationPlatforms) = preSolution
		Debug|Any CPU = Debug|Any CPU
		Release|Any CPU = Release|Any CPU
	EndGlobalSection
	GlobalSection(ProjectConfigurationPlatforms) = postSolution
		{C0F3154D-E98D-45ED-A3A9-0D2EB515B41B}.Debug|Any CPU.ActiveCfg = Debug|Any CPU
		{C0F3154D-E98D-45ED-A3A9-0D2EB515B41B}.Debug|Any CPU.Build.0 = Debug|Any CPU
		{C0F3154D-E98D-45ED-A3A9-0D2EB515B41B}.Release|Any CPU.ActiveCfg = Release|Any CPU
		{C0F3154D-E98D-45ED-A3A9-0D2EB515B41B}.Release|Any CPU.Build.0 = Release|Any CPU
		{C5FCE497-97CC-48B0-B5DB-042BE82AAF07}.Debug|Any CPU.ActiveCfg = Debug|Any CPU
		{C5FCE497-97CC-48B0-B5DB-042BE82AAF07}.Debug|Any CPU.Build.0 = Debug|Any CPU
		{C5FCE497-97CC-48B0-B5DB-042BE82AAF07}.Release|Any CPU.ActiveCfg = Release|Any CPU
		{C5FCE497-97CC-48B0-B5DB-042BE82AAF07}.Release|Any CPU.Build.0 = Release|Any CPU
	EndGlobalSection
	GlobalSection(SolutionProperties) = preSolution
		HideSolutionNode = FALSE
	EndGlobalSection
	GlobalSection(ExtensibilityGlobals) = postSolution
		SolutionGuid = {BCF8486A-1A60-46B0-91A2-900D0428E360}
	EndGlobalSection
EndGlobal
